// !$*UTF8*$!
{
	archiveVersion = 1;
	classes = {
	};
	objectVersion = 50;
	objects = {

/* Begin PBXBuildFile section */
		73145DEE232BDEA5009DBADF /* LinkedList.swift in Sources */ = {isa = PBXBuildFile; fileRef = 73145DED232BDEA5009DBADF /* LinkedList.swift */; };
		73145DF0232BDEC2009DBADF /* Queue.swift in Sources */ = {isa = PBXBuildFile; fileRef = 73145DEF232BDEC2009DBADF /* Queue.swift */; };
		73145DF2232BDEEB009DBADF /* RollingSumQueue.swift in Sources */ = {isa = PBXBuildFile; fileRef = 73145DF1232BDEEB009DBADF /* RollingSumQueue.swift */; };
		73145DF4232BDF6A009DBADF /* Maths.swift in Sources */ = {isa = PBXBuildFile; fileRef = 73145DF3232BDF6A009DBADF /* Maths.swift */; };
		73145DF6232F86C2009DBADF /* JSONProperties.swift in Sources */ = {isa = PBXBuildFile; fileRef = 73145DF5232F86C2009DBADF /* JSONProperties.swift */; };
		73145DF8232F87D2009DBADF /* JSONExporter.swift in Sources */ = {isa = PBXBuildFile; fileRef = 73145DF7232F87D2009DBADF /* JSONExporter.swift */; };
		73145DFA232FA101009DBADF /* RaceResult.swift in Sources */ = {isa = PBXBuildFile; fileRef = 73145DF9232FA101009DBADF /* RaceResult.swift */; };
		73145DFF232FA55C009DBADF /* RaceResultsViewController.swift in Sources */ = {isa = PBXBuildFile; fileRef = 73145DFD232FA55C009DBADF /* RaceResultsViewController.swift */; };
		73145E02232FE709009DBADF /* RaceResultsArrayController.swift in Sources */ = {isa = PBXBuildFile; fileRef = 73145E01232FE709009DBADF /* RaceResultsArrayController.swift */; };
		733A6E49232A639C001087E9 /* DataWarehouseGenerator.swift in Sources */ = {isa = PBXBuildFile; fileRef = 733A6E48232A639C001087E9 /* DataWarehouseGenerator.swift */; };
		733A6E4B232A6CBD001087E9 /* WorkoutType.swift in Sources */ = {isa = PBXBuildFile; fileRef = 733A6E4A232A6CBD001087E9 /* WorkoutType.swift */; };
		733A6E4D232A8F33001087E9 /* WarehouseColumns.swift in Sources */ = {isa = PBXBuildFile; fileRef = 733A6E4C232A8F33001087E9 /* WarehouseColumns.swift */; };
		733A6E4F232A93B9001087E9 /* SleepQualityMapper.swift in Sources */ = {isa = PBXBuildFile; fileRef = 733A6E4E232A93B9001087E9 /* SleepQualityMapper.swift */; };
		7361236023573096002250AD /* ViewController.swift in Sources */ = {isa = PBXBuildFile; fileRef = 737800362319359E00E33AA0 /* ViewController.swift */; };
		7361236123573096002250AD /* Date+Extension.swift in Sources */ = {isa = PBXBuildFile; fileRef = 73EC996E2327D63F00FE941A /* Date+Extension.swift */; };
		7361236223573096002250AD /* SleepQualityMapper.swift in Sources */ = {isa = PBXBuildFile; fileRef = 733A6E4E232A93B9001087E9 /* SleepQualityMapper.swift */; };
		7361236323573096002250AD /* Queue.swift in Sources */ = {isa = PBXBuildFile; fileRef = 73145DEF232BDEC2009DBADF /* Queue.swift */; };
		7361236423573096002250AD /* JSONImporter.swift in Sources */ = {isa = PBXBuildFile; fileRef = 73D5438D23267E3D0016AE1E /* JSONImporter.swift */; };
		7361236523573096002250AD /* WarehouseColumns.swift in Sources */ = {isa = PBXBuildFile; fileRef = 733A6E4C232A8F33001087E9 /* WarehouseColumns.swift */; };
		7361236623573096002250AD /* JSONProperties.swift in Sources */ = {isa = PBXBuildFile; fileRef = 73145DF5232F86C2009DBADF /* JSONProperties.swift */; };
		7361236723573096002250AD /* OpenAndSaveDialogues.swift in Sources */ = {isa = PBXBuildFile; fileRef = 73D54389232671470016AE1E /* OpenAndSaveDialogues.swift */; };
		7361236823573096002250AD /* LinkedList.swift in Sources */ = {isa = PBXBuildFile; fileRef = 73145DED232BDEA5009DBADF /* LinkedList.swift */; };
		7361236923573096002250AD /* WorkoutDBAccess.swift in Sources */ = {isa = PBXBuildFile; fileRef = 737800652319371C00E33AA0 /* WorkoutDBAccess.swift */; };
		7361236A23573096002250AD /* WorkoutArrayController.swift in Sources */ = {isa = PBXBuildFile; fileRef = 73EC997E2329770C00FE941A /* WorkoutArrayController.swift */; };
		7361236B23573096002250AD /* DayViewController.swift in Sources */ = {isa = PBXBuildFile; fileRef = 73EC9979232906C800FE941A /* DayViewController.swift */; };
		7361236C23573096002250AD /* WorkoutType.swift in Sources */ = {isa = PBXBuildFile; fileRef = 733A6E4A232A6CBD001087E9 /* WorkoutType.swift */; };
		7361236D23573096002250AD /* AppDelegate.swift in Sources */ = {isa = PBXBuildFile; fileRef = 737800342319359E00E33AA0 /* AppDelegate.swift */; };
		7361236E23573096002250AD /* JSONExporter.swift in Sources */ = {isa = PBXBuildFile; fileRef = 73145DF7232F87D2009DBADF /* JSONExporter.swift */; };
		7361236F23573096002250AD /* Day.swift in Sources */ = {isa = PBXBuildFile; fileRef = 7378006923197CFE00E33AA0 /* Day.swift */; };
		7361237023573096002250AD /* RaceResultsArrayController.swift in Sources */ = {isa = PBXBuildFile; fileRef = 73145E01232FE709009DBADF /* RaceResultsArrayController.swift */; };
		7361237123573096002250AD /* YearsViewController.swift in Sources */ = {isa = PBXBuildFile; fileRef = 73EC99732327DEB300FE941A /* YearsViewController.swift */; };
		7361237223573096002250AD /* ReadingsArrayController.swift in Sources */ = {isa = PBXBuildFile; fileRef = 73EC997C232948AA00FE941A /* ReadingsArrayController.swift */; };
		7361237323573096002250AD /* RaceResult.swift in Sources */ = {isa = PBXBuildFile; fileRef = 73145DF9232FA101009DBADF /* RaceResult.swift */; };
		7361237423573096002250AD /* RollingSumQueue.swift in Sources */ = {isa = PBXBuildFile; fileRef = 73145DF1232BDEEB009DBADF /* RollingSumQueue.swift */; };
		7361237523573096002250AD /* Reading.swift in Sources */ = {isa = PBXBuildFile; fileRef = 7378006723197CB500E33AA0 /* Reading.swift */; };
		7361237623573096002250AD /* NumberToTimeFormatter.swift in Sources */ = {isa = PBXBuildFile; fileRef = 73EC99752328109E00FE941A /* NumberToTimeFormatter.swift */; };
		7361237723573096002250AD /* Maths.swift in Sources */ = {isa = PBXBuildFile; fileRef = 73145DF3232BDF6A009DBADF /* Maths.swift */; };
		7361237823573096002250AD /* TrainingDiary.swift in Sources */ = {isa = PBXBuildFile; fileRef = 73EC996A2327B96200FE941A /* TrainingDiary.swift */; };
		7361237923573096002250AD /* PeriodNode.swift in Sources */ = {isa = PBXBuildFile; fileRef = 73EC996C2327CC0500FE941A /* PeriodNode.swift */; };
		7361237A23573096002250AD /* Workout.swift in Sources */ = {isa = PBXBuildFile; fileRef = 7378006B231988A200E33AA0 /* Workout.swift */; };
		7361237B23573096002250AD /* RaceResultsViewController.swift in Sources */ = {isa = PBXBuildFile; fileRef = 73145DFD232FA55C009DBADF /* RaceResultsViewController.swift */; };
		7361237C23573096002250AD /* DataWarehouseGenerator.swift in Sources */ = {isa = PBXBuildFile; fileRef = 733A6E48232A639C001087E9 /* DataWarehouseGenerator.swift */; };
		7361237F23573096002250AD /* create_db.py in Resources */ = {isa = PBXBuildFile; fileRef = 737800612319368300E33AA0 /* create_db.py */; };
		7361238023573096002250AD /* Assets.xcassets in Resources */ = {isa = PBXBuildFile; fileRef = 737800382319359F00E33AA0 /* Assets.xcassets */; };
		7361238123573096002250AD /* Day.storyboard in Resources */ = {isa = PBXBuildFile; fileRef = 73EC9977232904E500FE941A /* Day.storyboard */; };
		7361238223573096002250AD /* populate_db_from_json.py in Resources */ = {isa = PBXBuildFile; fileRef = 737800602319368300E33AA0 /* populate_db_from_json.py */; };
		7361238323573096002250AD /* Main.storyboard in Resources */ = {isa = PBXBuildFile; fileRef = 7378003A2319359F00E33AA0 /* Main.storyboard */; };
		737800352319359E00E33AA0 /* AppDelegate.swift in Sources */ = {isa = PBXBuildFile; fileRef = 737800342319359E00E33AA0 /* AppDelegate.swift */; };
		737800372319359E00E33AA0 /* ViewController.swift in Sources */ = {isa = PBXBuildFile; fileRef = 737800362319359E00E33AA0 /* ViewController.swift */; };
		737800392319359F00E33AA0 /* Assets.xcassets in Resources */ = {isa = PBXBuildFile; fileRef = 737800382319359F00E33AA0 /* Assets.xcassets */; };
		7378003C2319359F00E33AA0 /* Main.storyboard in Resources */ = {isa = PBXBuildFile; fileRef = 7378003A2319359F00E33AA0 /* Main.storyboard */; };
		737800482319359F00E33AA0 /* WorkoutEditorTests.swift in Sources */ = {isa = PBXBuildFile; fileRef = 737800472319359F00E33AA0 /* WorkoutEditorTests.swift */; };
		737800532319359F00E33AA0 /* WorkoutEditorUITests.swift in Sources */ = {isa = PBXBuildFile; fileRef = 737800522319359F00E33AA0 /* WorkoutEditorUITests.swift */; };
		737800622319368300E33AA0 /* populate_db_from_json.py in Resources */ = {isa = PBXBuildFile; fileRef = 737800602319368300E33AA0 /* populate_db_from_json.py */; };
		737800632319368300E33AA0 /* create_db.py in Resources */ = {isa = PBXBuildFile; fileRef = 737800612319368300E33AA0 /* create_db.py */; };
		737800662319371C00E33AA0 /* WorkoutDBAccess.swift in Sources */ = {isa = PBXBuildFile; fileRef = 737800652319371C00E33AA0 /* WorkoutDBAccess.swift */; };
		7378006823197CB500E33AA0 /* Reading.swift in Sources */ = {isa = PBXBuildFile; fileRef = 7378006723197CB500E33AA0 /* Reading.swift */; };
		7378006A23197CFE00E33AA0 /* Day.swift in Sources */ = {isa = PBXBuildFile; fileRef = 7378006923197CFE00E33AA0 /* Day.swift */; };
		7378006C231988A200E33AA0 /* Workout.swift in Sources */ = {isa = PBXBuildFile; fileRef = 7378006B231988A200E33AA0 /* Workout.swift */; };
		73D5438A232671470016AE1E /* OpenAndSaveDialogues.swift in Sources */ = {isa = PBXBuildFile; fileRef = 73D54389232671470016AE1E /* OpenAndSaveDialogues.swift */; };
		73D5438E23267E3D0016AE1E /* JSONImporter.swift in Sources */ = {isa = PBXBuildFile; fileRef = 73D5438D23267E3D0016AE1E /* JSONImporter.swift */; };
		73EC996B2327B96200FE941A /* TrainingDiary.swift in Sources */ = {isa = PBXBuildFile; fileRef = 73EC996A2327B96200FE941A /* TrainingDiary.swift */; };
		73EC996D2327CC0500FE941A /* PeriodNode.swift in Sources */ = {isa = PBXBuildFile; fileRef = 73EC996C2327CC0500FE941A /* PeriodNode.swift */; };
		73EC996F2327D63F00FE941A /* Date+Extension.swift in Sources */ = {isa = PBXBuildFile; fileRef = 73EC996E2327D63F00FE941A /* Date+Extension.swift */; };
		73EC99742327DEB300FE941A /* YearsViewController.swift in Sources */ = {isa = PBXBuildFile; fileRef = 73EC99732327DEB300FE941A /* YearsViewController.swift */; };
		73EC99762328109E00FE941A /* NumberToTimeFormatter.swift in Sources */ = {isa = PBXBuildFile; fileRef = 73EC99752328109E00FE941A /* NumberToTimeFormatter.swift */; };
		73EC9978232904E500FE941A /* Day.storyboard in Resources */ = {isa = PBXBuildFile; fileRef = 73EC9977232904E500FE941A /* Day.storyboard */; };
		73EC997A232906C800FE941A /* DayViewController.swift in Sources */ = {isa = PBXBuildFile; fileRef = 73EC9979232906C800FE941A /* DayViewController.swift */; };
		73EC997D232948AA00FE941A /* ReadingsArrayController.swift in Sources */ = {isa = PBXBuildFile; fileRef = 73EC997C232948AA00FE941A /* ReadingsArrayController.swift */; };
		73EC997F2329770C00FE941A /* WorkoutArrayController.swift in Sources */ = {isa = PBXBuildFile; fileRef = 73EC997E2329770C00FE941A /* WorkoutArrayController.swift */; };
/* End PBXBuildFile section */

/* Begin PBXContainerItemProxy section */
		737800442319359F00E33AA0 /* PBXContainerItemProxy */ = {
			isa = PBXContainerItemProxy;
			containerPortal = 737800292319359E00E33AA0 /* Project object */;
			proxyType = 1;
			remoteGlobalIDString = 737800302319359E00E33AA0;
			remoteInfo = WorkoutEditor;
		};
		7378004F2319359F00E33AA0 /* PBXContainerItemProxy */ = {
			isa = PBXContainerItemProxy;
			containerPortal = 737800292319359E00E33AA0 /* Project object */;
			proxyType = 1;
			remoteGlobalIDString = 737800302319359E00E33AA0;
			remoteInfo = WorkoutEditor;
		};
/* End PBXContainerItemProxy section */

/* Begin PBXFileReference section */
		73145DED232BDEA5009DBADF /* LinkedList.swift */ = {isa = PBXFileReference; lastKnownFileType = sourcecode.swift; path = LinkedList.swift; sourceTree = "<group>"; };
		73145DEF232BDEC2009DBADF /* Queue.swift */ = {isa = PBXFileReference; lastKnownFileType = sourcecode.swift; path = Queue.swift; sourceTree = "<group>"; };
		73145DF1232BDEEB009DBADF /* RollingSumQueue.swift */ = {isa = PBXFileReference; lastKnownFileType = sourcecode.swift; path = RollingSumQueue.swift; sourceTree = "<group>"; };
		73145DF3232BDF6A009DBADF /* Maths.swift */ = {isa = PBXFileReference; lastKnownFileType = sourcecode.swift; path = Maths.swift; sourceTree = "<group>"; };
		73145DF5232F86C2009DBADF /* JSONProperties.swift */ = {isa = PBXFileReference; lastKnownFileType = sourcecode.swift; path = JSONProperties.swift; sourceTree = "<group>"; };
		73145DF7232F87D2009DBADF /* JSONExporter.swift */ = {isa = PBXFileReference; lastKnownFileType = sourcecode.swift; path = JSONExporter.swift; sourceTree = "<group>"; };
		73145DF9232FA101009DBADF /* RaceResult.swift */ = {isa = PBXFileReference; lastKnownFileType = sourcecode.swift; path = RaceResult.swift; sourceTree = "<group>"; };
		73145DFD232FA55C009DBADF /* RaceResultsViewController.swift */ = {isa = PBXFileReference; lastKnownFileType = sourcecode.swift; path = RaceResultsViewController.swift; sourceTree = "<group>"; };
		73145E01232FE709009DBADF /* RaceResultsArrayController.swift */ = {isa = PBXFileReference; lastKnownFileType = sourcecode.swift; path = RaceResultsArrayController.swift; sourceTree = "<group>"; };
		733A6E48232A639C001087E9 /* DataWarehouseGenerator.swift */ = {isa = PBXFileReference; lastKnownFileType = sourcecode.swift; path = DataWarehouseGenerator.swift; sourceTree = "<group>"; };
		733A6E4A232A6CBD001087E9 /* WorkoutType.swift */ = {isa = PBXFileReference; lastKnownFileType = sourcecode.swift; path = WorkoutType.swift; sourceTree = "<group>"; };
		733A6E4C232A8F33001087E9 /* WarehouseColumns.swift */ = {isa = PBXFileReference; lastKnownFileType = sourcecode.swift; path = WarehouseColumns.swift; sourceTree = "<group>"; };
		733A6E4E232A93B9001087E9 /* SleepQualityMapper.swift */ = {isa = PBXFileReference; lastKnownFileType = sourcecode.swift; path = SleepQualityMapper.swift; sourceTree = "<group>"; };
		7361238723573096002250AD /* WorkoutEditor Release.app */ = {isa = PBXFileReference; explicitFileType = wrapper.application; includeInIndex = 0; path = "WorkoutEditor Release.app"; sourceTree = BUILT_PRODUCTS_DIR; };
		7361238823573096002250AD /* WorkoutEditor copy-Info.plist */ = {isa = PBXFileReference; lastKnownFileType = text.plist.xml; name = "WorkoutEditor copy-Info.plist"; path = "/Users/stevenlord/Development/swift/WorkoutEditor/WorkoutEditor copy-Info.plist"; sourceTree = "<absolute>"; };
		737800312319359E00E33AA0 /* WorkoutEditor.app */ = {isa = PBXFileReference; explicitFileType = wrapper.application; includeInIndex = 0; path = WorkoutEditor.app; sourceTree = BUILT_PRODUCTS_DIR; };
		737800342319359E00E33AA0 /* AppDelegate.swift */ = {isa = PBXFileReference; lastKnownFileType = sourcecode.swift; path = AppDelegate.swift; sourceTree = "<group>"; };
		737800362319359E00E33AA0 /* ViewController.swift */ = {isa = PBXFileReference; lastKnownFileType = sourcecode.swift; path = ViewController.swift; sourceTree = "<group>"; };
		737800382319359F00E33AA0 /* Assets.xcassets */ = {isa = PBXFileReference; lastKnownFileType = folder.assetcatalog; path = Assets.xcassets; sourceTree = "<group>"; };
		7378003B2319359F00E33AA0 /* Base */ = {isa = PBXFileReference; lastKnownFileType = file.storyboard; name = Base; path = Base.lproj/Main.storyboard; sourceTree = "<group>"; };
		7378003D2319359F00E33AA0 /* Info.plist */ = {isa = PBXFileReference; lastKnownFileType = text.plist.xml; path = Info.plist; sourceTree = "<group>"; };
		7378003E2319359F00E33AA0 /* WorkoutEditor.entitlements */ = {isa = PBXFileReference; lastKnownFileType = text.plist.entitlements; path = WorkoutEditor.entitlements; sourceTree = "<group>"; };
		737800432319359F00E33AA0 /* WorkoutEditorTests.xctest */ = {isa = PBXFileReference; explicitFileType = wrapper.cfbundle; includeInIndex = 0; path = WorkoutEditorTests.xctest; sourceTree = BUILT_PRODUCTS_DIR; };
		737800472319359F00E33AA0 /* WorkoutEditorTests.swift */ = {isa = PBXFileReference; lastKnownFileType = sourcecode.swift; path = WorkoutEditorTests.swift; sourceTree = "<group>"; };
		737800492319359F00E33AA0 /* Info.plist */ = {isa = PBXFileReference; lastKnownFileType = text.plist.xml; path = Info.plist; sourceTree = "<group>"; };
		7378004E2319359F00E33AA0 /* WorkoutEditorUITests.xctest */ = {isa = PBXFileReference; explicitFileType = wrapper.cfbundle; includeInIndex = 0; path = WorkoutEditorUITests.xctest; sourceTree = BUILT_PRODUCTS_DIR; };
		737800522319359F00E33AA0 /* WorkoutEditorUITests.swift */ = {isa = PBXFileReference; lastKnownFileType = sourcecode.swift; path = WorkoutEditorUITests.swift; sourceTree = "<group>"; };
		737800542319359F00E33AA0 /* Info.plist */ = {isa = PBXFileReference; lastKnownFileType = text.plist.xml; path = Info.plist; sourceTree = "<group>"; };
		737800602319368300E33AA0 /* populate_db_from_json.py */ = {isa = PBXFileReference; fileEncoding = 4; lastKnownFileType = text.script.python; path = populate_db_from_json.py; sourceTree = "<group>"; };
		737800612319368300E33AA0 /* create_db.py */ = {isa = PBXFileReference; fileEncoding = 4; lastKnownFileType = text.script.python; path = create_db.py; sourceTree = "<group>"; };
		737800652319371C00E33AA0 /* WorkoutDBAccess.swift */ = {isa = PBXFileReference; lastKnownFileType = sourcecode.swift; path = WorkoutDBAccess.swift; sourceTree = "<group>"; };
		7378006723197CB500E33AA0 /* Reading.swift */ = {isa = PBXFileReference; lastKnownFileType = sourcecode.swift; path = Reading.swift; sourceTree = "<group>"; };
		7378006923197CFE00E33AA0 /* Day.swift */ = {isa = PBXFileReference; lastKnownFileType = sourcecode.swift; path = Day.swift; sourceTree = "<group>"; };
		7378006B231988A200E33AA0 /* Workout.swift */ = {isa = PBXFileReference; lastKnownFileType = sourcecode.swift; path = Workout.swift; sourceTree = "<group>"; };
		73D54389232671470016AE1E /* OpenAndSaveDialogues.swift */ = {isa = PBXFileReference; lastKnownFileType = sourcecode.swift; path = OpenAndSaveDialogues.swift; sourceTree = "<group>"; };
		73D5438D23267E3D0016AE1E /* JSONImporter.swift */ = {isa = PBXFileReference; lastKnownFileType = sourcecode.swift; path = JSONImporter.swift; sourceTree = "<group>"; };
		73EC996A2327B96200FE941A /* TrainingDiary.swift */ = {isa = PBXFileReference; lastKnownFileType = sourcecode.swift; path = TrainingDiary.swift; sourceTree = "<group>"; };
		73EC996C2327CC0500FE941A /* PeriodNode.swift */ = {isa = PBXFileReference; lastKnownFileType = sourcecode.swift; path = PeriodNode.swift; sourceTree = "<group>"; };
		73EC996E2327D63F00FE941A /* Date+Extension.swift */ = {isa = PBXFileReference; lastKnownFileType = sourcecode.swift; path = "Date+Extension.swift"; sourceTree = "<group>"; };
		73EC99732327DEB300FE941A /* YearsViewController.swift */ = {isa = PBXFileReference; lastKnownFileType = sourcecode.swift; path = YearsViewController.swift; sourceTree = "<group>"; };
		73EC99752328109E00FE941A /* NumberToTimeFormatter.swift */ = {isa = PBXFileReference; lastKnownFileType = sourcecode.swift; path = NumberToTimeFormatter.swift; sourceTree = "<group>"; };
		73EC9977232904E500FE941A /* Day.storyboard */ = {isa = PBXFileReference; lastKnownFileType = file.storyboard; path = Day.storyboard; sourceTree = "<group>"; };
		73EC9979232906C800FE941A /* DayViewController.swift */ = {isa = PBXFileReference; lastKnownFileType = sourcecode.swift; path = DayViewController.swift; sourceTree = "<group>"; };
		73EC997C232948AA00FE941A /* ReadingsArrayController.swift */ = {isa = PBXFileReference; lastKnownFileType = sourcecode.swift; path = ReadingsArrayController.swift; sourceTree = "<group>"; };
		73EC997E2329770C00FE941A /* WorkoutArrayController.swift */ = {isa = PBXFileReference; lastKnownFileType = sourcecode.swift; path = WorkoutArrayController.swift; sourceTree = "<group>"; };
/* End PBXFileReference section */

/* Begin PBXFrameworksBuildPhase section */
		7361237D23573096002250AD /* Frameworks */ = {
			isa = PBXFrameworksBuildPhase;
			buildActionMask = 2147483647;
			files = (
			);
			runOnlyForDeploymentPostprocessing = 0;
		};
		7378002E2319359E00E33AA0 /* Frameworks */ = {
			isa = PBXFrameworksBuildPhase;
			buildActionMask = 2147483647;
			files = (
			);
			runOnlyForDeploymentPostprocessing = 0;
		};
		737800402319359F00E33AA0 /* Frameworks */ = {
			isa = PBXFrameworksBuildPhase;
			buildActionMask = 2147483647;
			files = (
			);
			runOnlyForDeploymentPostprocessing = 0;
		};
		7378004B2319359F00E33AA0 /* Frameworks */ = {
			isa = PBXFrameworksBuildPhase;
			buildActionMask = 2147483647;
			files = (
			);
			runOnlyForDeploymentPostprocessing = 0;
		};
/* End PBXFrameworksBuildPhase section */

/* Begin PBXGroup section */
		737800282319359E00E33AA0 = {
			isa = PBXGroup;
			children = (
				737800612319368300E33AA0 /* create_db.py */,
				737800602319368300E33AA0 /* populate_db_from_json.py */,
				737800332319359E00E33AA0 /* WorkoutEditor */,
				737800462319359F00E33AA0 /* WorkoutEditorTests */,
				737800512319359F00E33AA0 /* WorkoutEditorUITests */,
				737800322319359E00E33AA0 /* Products */,
				7361238823573096002250AD /* WorkoutEditor copy-Info.plist */,
			);
			sourceTree = "<group>";
		};
		737800322319359E00E33AA0 /* Products */ = {
			isa = PBXGroup;
			children = (
				737800312319359E00E33AA0 /* WorkoutEditor.app */,
				737800432319359F00E33AA0 /* WorkoutEditorTests.xctest */,
				7378004E2319359F00E33AA0 /* WorkoutEditorUITests.xctest */,
				7361238723573096002250AD /* WorkoutEditor Release.app */,
			);
			name = Products;
			sourceTree = "<group>";
		};
		737800332319359E00E33AA0 /* WorkoutEditor */ = {
			isa = PBXGroup;
			children = (
				73EC997B2329488F00FE941A /* ArrayControllers */,
				73EC99722327DE9000FE941A /* ViewControllers */,
				737800642319370700E33AA0 /* DataModel */,
				737800342319359E00E33AA0 /* AppDelegate.swift */,
				737800362319359E00E33AA0 /* ViewController.swift */,
				737800382319359F00E33AA0 /* Assets.xcassets */,
				7378003A2319359F00E33AA0 /* Main.storyboard */,
				7378003E2319359F00E33AA0 /* WorkoutEditor.entitlements */,
				73D54389232671470016AE1E /* OpenAndSaveDialogues.swift */,
				7378003D2319359F00E33AA0 /* Info.plist */,
				73EC996E2327D63F00FE941A /* Date+Extension.swift */,
				73EC99752328109E00FE941A /* NumberToTimeFormatter.swift */,
				73EC9977232904E500FE941A /* Day.storyboard */,
				73145DED232BDEA5009DBADF /* LinkedList.swift */,
				73145DEF232BDEC2009DBADF /* Queue.swift */,
				73145DF1232BDEEB009DBADF /* RollingSumQueue.swift */,
				73145DF3232BDF6A009DBADF /* Maths.swift */,
			);
			path = WorkoutEditor;
			sourceTree = "<group>";
		};
		737800462319359F00E33AA0 /* WorkoutEditorTests */ = {
			isa = PBXGroup;
			children = (
				737800472319359F00E33AA0 /* WorkoutEditorTests.swift */,
				737800492319359F00E33AA0 /* Info.plist */,
			);
			path = WorkoutEditorTests;
			sourceTree = "<group>";
		};
		737800512319359F00E33AA0 /* WorkoutEditorUITests */ = {
			isa = PBXGroup;
			children = (
				737800522319359F00E33AA0 /* WorkoutEditorUITests.swift */,
				737800542319359F00E33AA0 /* Info.plist */,
			);
			path = WorkoutEditorUITests;
			sourceTree = "<group>";
		};
		737800642319370700E33AA0 /* DataModel */ = {
			isa = PBXGroup;
			children = (
				737800652319371C00E33AA0 /* WorkoutDBAccess.swift */,
				7378006723197CB500E33AA0 /* Reading.swift */,
				7378006923197CFE00E33AA0 /* Day.swift */,
				7378006B231988A200E33AA0 /* Workout.swift */,
				73D5438D23267E3D0016AE1E /* JSONImporter.swift */,
				73EC996A2327B96200FE941A /* TrainingDiary.swift */,
				73EC996C2327CC0500FE941A /* PeriodNode.swift */,
				733A6E48232A639C001087E9 /* DataWarehouseGenerator.swift */,
				733A6E4A232A6CBD001087E9 /* WorkoutType.swift */,
				733A6E4C232A8F33001087E9 /* WarehouseColumns.swift */,
				733A6E4E232A93B9001087E9 /* SleepQualityMapper.swift */,
				73145DF5232F86C2009DBADF /* JSONProperties.swift */,
				73145DF7232F87D2009DBADF /* JSONExporter.swift */,
				73145DF9232FA101009DBADF /* RaceResult.swift */,
			);
			path = DataModel;
			sourceTree = "<group>";
		};
		73EC99722327DE9000FE941A /* ViewControllers */ = {
			isa = PBXGroup;
			children = (
				73EC99732327DEB300FE941A /* YearsViewController.swift */,
				73EC9979232906C800FE941A /* DayViewController.swift */,
				73145DFD232FA55C009DBADF /* RaceResultsViewController.swift */,
			);
			path = ViewControllers;
			sourceTree = "<group>";
		};
		73EC997B2329488F00FE941A /* ArrayControllers */ = {
			isa = PBXGroup;
			children = (
				73EC997C232948AA00FE941A /* ReadingsArrayController.swift */,
				73EC997E2329770C00FE941A /* WorkoutArrayController.swift */,
				73145E01232FE709009DBADF /* RaceResultsArrayController.swift */,
			);
			path = ArrayControllers;
			sourceTree = "<group>";
		};
/* End PBXGroup section */

/* Begin PBXNativeTarget section */
		7361235E23573096002250AD /* WorkoutEditor Release */ = {
			isa = PBXNativeTarget;
			buildConfigurationList = 7361238423573096002250AD /* Build configuration list for PBXNativeTarget "WorkoutEditor Release" */;
			buildPhases = (
				7361235F23573096002250AD /* Sources */,
				7361237D23573096002250AD /* Frameworks */,
				7361237E23573096002250AD /* Resources */,
			);
			buildRules = (
			);
			dependencies = (
			);
			name = "WorkoutEditor Release";
			productName = WorkoutEditor;
			productReference = 7361238723573096002250AD /* WorkoutEditor Release.app */;
			productType = "com.apple.product-type.application";
		};
		737800302319359E00E33AA0 /* WorkoutEditor */ = {
			isa = PBXNativeTarget;
			buildConfigurationList = 737800572319359F00E33AA0 /* Build configuration list for PBXNativeTarget "WorkoutEditor" */;
			buildPhases = (
				7378002D2319359E00E33AA0 /* Sources */,
				7378002E2319359E00E33AA0 /* Frameworks */,
				7378002F2319359E00E33AA0 /* Resources */,
			);
			buildRules = (
			);
			dependencies = (
			);
			name = WorkoutEditor;
			productName = WorkoutEditor;
			productReference = 737800312319359E00E33AA0 /* WorkoutEditor.app */;
			productType = "com.apple.product-type.application";
		};
		737800422319359F00E33AA0 /* WorkoutEditorTests */ = {
			isa = PBXNativeTarget;
			buildConfigurationList = 7378005A2319359F00E33AA0 /* Build configuration list for PBXNativeTarget "WorkoutEditorTests" */;
			buildPhases = (
				7378003F2319359F00E33AA0 /* Sources */,
				737800402319359F00E33AA0 /* Frameworks */,
				737800412319359F00E33AA0 /* Resources */,
			);
			buildRules = (
			);
			dependencies = (
				737800452319359F00E33AA0 /* PBXTargetDependency */,
			);
			name = WorkoutEditorTests;
			productName = WorkoutEditorTests;
			productReference = 737800432319359F00E33AA0 /* WorkoutEditorTests.xctest */;
			productType = "com.apple.product-type.bundle.unit-test";
		};
		7378004D2319359F00E33AA0 /* WorkoutEditorUITests */ = {
			isa = PBXNativeTarget;
			buildConfigurationList = 7378005D2319359F00E33AA0 /* Build configuration list for PBXNativeTarget "WorkoutEditorUITests" */;
			buildPhases = (
				7378004A2319359F00E33AA0 /* Sources */,
				7378004B2319359F00E33AA0 /* Frameworks */,
				7378004C2319359F00E33AA0 /* Resources */,
			);
			buildRules = (
			);
			dependencies = (
				737800502319359F00E33AA0 /* PBXTargetDependency */,
			);
			name = WorkoutEditorUITests;
			productName = WorkoutEditorUITests;
			productReference = 7378004E2319359F00E33AA0 /* WorkoutEditorUITests.xctest */;
			productType = "com.apple.product-type.bundle.ui-testing";
		};
/* End PBXNativeTarget section */

/* Begin PBXProject section */
		737800292319359E00E33AA0 /* Project object */ = {
			isa = PBXProject;
			attributes = {
				LastSwiftUpdateCheck = 1030;
				LastUpgradeCheck = 1030;
				ORGANIZATIONNAME = "Steven Lord";
				TargetAttributes = {
					737800302319359E00E33AA0 = {
						CreatedOnToolsVersion = 10.3;
						SystemCapabilities = {
							com.apple.ApplicationGroups.Mac = {
								enabled = 1;
							};
							com.apple.Sandbox = {
								enabled = 1;
							};
						};
					};
					737800422319359F00E33AA0 = {
						CreatedOnToolsVersion = 10.3;
						TestTargetID = 737800302319359E00E33AA0;
					};
					7378004D2319359F00E33AA0 = {
						CreatedOnToolsVersion = 10.3;
						TestTargetID = 737800302319359E00E33AA0;
					};
				};
			};
			buildConfigurationList = 7378002C2319359E00E33AA0 /* Build configuration list for PBXProject "WorkoutEditor" */;
			compatibilityVersion = "Xcode 9.3";
			developmentRegion = en;
			hasScannedForEncodings = 0;
			knownRegions = (
				en,
				Base,
			);
			mainGroup = 737800282319359E00E33AA0;
			productRefGroup = 737800322319359E00E33AA0 /* Products */;
			projectDirPath = "";
			projectRoot = "";
			targets = (
				737800302319359E00E33AA0 /* WorkoutEditor */,
				737800422319359F00E33AA0 /* WorkoutEditorTests */,
				7378004D2319359F00E33AA0 /* WorkoutEditorUITests */,
				7361235E23573096002250AD /* WorkoutEditor Release */,
			);
		};
/* End PBXProject section */

/* Begin PBXResourcesBuildPhase section */
		7361237E23573096002250AD /* Resources */ = {
			isa = PBXResourcesBuildPhase;
			buildActionMask = 2147483647;
			files = (
				7361237F23573096002250AD /* create_db.py in Resources */,
				7361238023573096002250AD /* Assets.xcassets in Resources */,
				7361238123573096002250AD /* Day.storyboard in Resources */,
				7361238223573096002250AD /* populate_db_from_json.py in Resources */,
				7361238323573096002250AD /* Main.storyboard in Resources */,
			);
			runOnlyForDeploymentPostprocessing = 0;
		};
		7378002F2319359E00E33AA0 /* Resources */ = {
			isa = PBXResourcesBuildPhase;
			buildActionMask = 2147483647;
			files = (
				737800632319368300E33AA0 /* create_db.py in Resources */,
				737800392319359F00E33AA0 /* Assets.xcassets in Resources */,
				73EC9978232904E500FE941A /* Day.storyboard in Resources */,
				737800622319368300E33AA0 /* populate_db_from_json.py in Resources */,
				7378003C2319359F00E33AA0 /* Main.storyboard in Resources */,
			);
			runOnlyForDeploymentPostprocessing = 0;
		};
		737800412319359F00E33AA0 /* Resources */ = {
			isa = PBXResourcesBuildPhase;
			buildActionMask = 2147483647;
			files = (
			);
			runOnlyForDeploymentPostprocessing = 0;
		};
		7378004C2319359F00E33AA0 /* Resources */ = {
			isa = PBXResourcesBuildPhase;
			buildActionMask = 2147483647;
			files = (
			);
			runOnlyForDeploymentPostprocessing = 0;
		};
/* End PBXResourcesBuildPhase section */

/* Begin PBXSourcesBuildPhase section */
		7361235F23573096002250AD /* Sources */ = {
			isa = PBXSourcesBuildPhase;
			buildActionMask = 2147483647;
			files = (
				7361236023573096002250AD /* ViewController.swift in Sources */,
				7361236123573096002250AD /* Date+Extension.swift in Sources */,
				7361236223573096002250AD /* SleepQualityMapper.swift in Sources */,
				7361236323573096002250AD /* Queue.swift in Sources */,
				7361236423573096002250AD /* JSONImporter.swift in Sources */,
				7361236523573096002250AD /* WarehouseColumns.swift in Sources */,
				7361236623573096002250AD /* JSONProperties.swift in Sources */,
				7361236723573096002250AD /* OpenAndSaveDialogues.swift in Sources */,
				7361236823573096002250AD /* LinkedList.swift in Sources */,
				7361236923573096002250AD /* WorkoutDBAccess.swift in Sources */,
				7361236A23573096002250AD /* WorkoutArrayController.swift in Sources */,
				7361236B23573096002250AD /* DayViewController.swift in Sources */,
				7361236C23573096002250AD /* WorkoutType.swift in Sources */,
				7361236D23573096002250AD /* AppDelegate.swift in Sources */,
				7361236E23573096002250AD /* JSONExporter.swift in Sources */,
				7361236F23573096002250AD /* Day.swift in Sources */,
				7361237023573096002250AD /* RaceResultsArrayController.swift in Sources */,
				7361237123573096002250AD /* YearsViewController.swift in Sources */,
				7361237223573096002250AD /* ReadingsArrayController.swift in Sources */,
				7361237323573096002250AD /* RaceResult.swift in Sources */,
				7361237423573096002250AD /* RollingSumQueue.swift in Sources */,
				7361237523573096002250AD /* Reading.swift in Sources */,
				7361237623573096002250AD /* NumberToTimeFormatter.swift in Sources */,
				7361237723573096002250AD /* Maths.swift in Sources */,
				7361237823573096002250AD /* TrainingDiary.swift in Sources */,
				7361237923573096002250AD /* PeriodNode.swift in Sources */,
				7361237A23573096002250AD /* Workout.swift in Sources */,
				7361237B23573096002250AD /* RaceResultsViewController.swift in Sources */,
				7361237C23573096002250AD /* DataWarehouseGenerator.swift in Sources */,
			);
			runOnlyForDeploymentPostprocessing = 0;
		};
		7378002D2319359E00E33AA0 /* Sources */ = {
			isa = PBXSourcesBuildPhase;
			buildActionMask = 2147483647;
			files = (
				737800372319359E00E33AA0 /* ViewController.swift in Sources */,
				73EC996F2327D63F00FE941A /* Date+Extension.swift in Sources */,
				733A6E4F232A93B9001087E9 /* SleepQualityMapper.swift in Sources */,
				73145DF0232BDEC2009DBADF /* Queue.swift in Sources */,
				73D5438E23267E3D0016AE1E /* JSONImporter.swift in Sources */,
				733A6E4D232A8F33001087E9 /* WarehouseColumns.swift in Sources */,
				73145DF6232F86C2009DBADF /* JSONProperties.swift in Sources */,
				73D5438A232671470016AE1E /* OpenAndSaveDialogues.swift in Sources */,
				73145DEE232BDEA5009DBADF /* LinkedList.swift in Sources */,
				737800662319371C00E33AA0 /* WorkoutDBAccess.swift in Sources */,
				73EC997F2329770C00FE941A /* WorkoutArrayController.swift in Sources */,
				73EC997A232906C800FE941A /* DayViewController.swift in Sources */,
				733A6E4B232A6CBD001087E9 /* WorkoutType.swift in Sources */,
				737800352319359E00E33AA0 /* AppDelegate.swift in Sources */,
				73145DF8232F87D2009DBADF /* JSONExporter.swift in Sources */,
				7378006A23197CFE00E33AA0 /* Day.swift in Sources */,
				73145E02232FE709009DBADF /* RaceResultsArrayController.swift in Sources */,
				73EC99742327DEB300FE941A /* YearsViewController.swift in Sources */,
				73EC997D232948AA00FE941A /* ReadingsArrayController.swift in Sources */,
				73145DFA232FA101009DBADF /* RaceResult.swift in Sources */,
				73145DF2232BDEEB009DBADF /* RollingSumQueue.swift in Sources */,
				7378006823197CB500E33AA0 /* Reading.swift in Sources */,
				73EC99762328109E00FE941A /* NumberToTimeFormatter.swift in Sources */,
				73145DF4232BDF6A009DBADF /* Maths.swift in Sources */,
				73EC996B2327B96200FE941A /* TrainingDiary.swift in Sources */,
				73EC996D2327CC0500FE941A /* PeriodNode.swift in Sources */,
				7378006C231988A200E33AA0 /* Workout.swift in Sources */,
				73145DFF232FA55C009DBADF /* RaceResultsViewController.swift in Sources */,
				733A6E49232A639C001087E9 /* DataWarehouseGenerator.swift in Sources */,
			);
			runOnlyForDeploymentPostprocessing = 0;
		};
		7378003F2319359F00E33AA0 /* Sources */ = {
			isa = PBXSourcesBuildPhase;
			buildActionMask = 2147483647;
			files = (
				737800482319359F00E33AA0 /* WorkoutEditorTests.swift in Sources */,
			);
			runOnlyForDeploymentPostprocessing = 0;
		};
		7378004A2319359F00E33AA0 /* Sources */ = {
			isa = PBXSourcesBuildPhase;
			buildActionMask = 2147483647;
			files = (
				737800532319359F00E33AA0 /* WorkoutEditorUITests.swift in Sources */,
			);
			runOnlyForDeploymentPostprocessing = 0;
		};
/* End PBXSourcesBuildPhase section */

/* Begin PBXTargetDependency section */
		737800452319359F00E33AA0 /* PBXTargetDependency */ = {
			isa = PBXTargetDependency;
			target = 737800302319359E00E33AA0 /* WorkoutEditor */;
			targetProxy = 737800442319359F00E33AA0 /* PBXContainerItemProxy */;
		};
		737800502319359F00E33AA0 /* PBXTargetDependency */ = {
			isa = PBXTargetDependency;
			target = 737800302319359E00E33AA0 /* WorkoutEditor */;
			targetProxy = 7378004F2319359F00E33AA0 /* PBXContainerItemProxy */;
		};
/* End PBXTargetDependency section */

/* Begin PBXVariantGroup section */
		7378003A2319359F00E33AA0 /* Main.storyboard */ = {
			isa = PBXVariantGroup;
			children = (
				7378003B2319359F00E33AA0 /* Base */,
			);
			name = Main.storyboard;
			sourceTree = "<group>";
		};
/* End PBXVariantGroup section */

/* Begin XCBuildConfiguration section */
		7361238523573096002250AD /* Debug */ = {
			isa = XCBuildConfiguration;
			buildSettings = {
				ASSETCATALOG_COMPILER_APPICON_NAME = AppIcon;
				CODE_SIGN_ENTITLEMENTS = WorkoutEditor/WorkoutEditor.entitlements;
				CODE_SIGN_STYLE = Automatic;
				COMBINE_HIDPI_IMAGES = YES;
				INFOPLIST_FILE = "WorkoutEditor copy-Info.plist";
				LD_RUNPATH_SEARCH_PATHS = (
					"$(inherited)",
					"@executable_path/../Frameworks",
				);
				PRODUCT_BUNDLE_IDENTIFIER = uk.me.stevenlord.WorkoutEditor;
				PRODUCT_NAME = "$(TARGET_NAME)";
				SWIFT_VERSION = 5.0;
			};
			name = Debug;
		};
		7361238623573096002250AD /* Release */ = {
			isa = XCBuildConfiguration;
			buildSettings = {
				ASSETCATALOG_COMPILER_APPICON_NAME = AppIcon;
				CODE_SIGN_ENTITLEMENTS = WorkoutEditor/WorkoutEditor.entitlements;
				CODE_SIGN_STYLE = Automatic;
				COMBINE_HIDPI_IMAGES = YES;
				INFOPLIST_FILE = "WorkoutEditor copy-Info.plist";
				LD_RUNPATH_SEARCH_PATHS = (
					"$(inherited)",
					"@executable_path/../Frameworks",
				);
				PRODUCT_BUNDLE_IDENTIFIER = uk.me.stevenlord.WorkoutEditor;
				PRODUCT_NAME = "$(TARGET_NAME)";
				SWIFT_VERSION = 5.0;
			};
			name = Release;
		};
		737800552319359F00E33AA0 /* Debug */ = {
			isa = XCBuildConfiguration;
			buildSettings = {
				ALWAYS_SEARCH_USER_PATHS = NO;
				CLANG_ANALYZER_NONNULL = YES;
				CLANG_ANALYZER_NUMBER_OBJECT_CONVERSION = YES_AGGRESSIVE;
				CLANG_CXX_LANGUAGE_STANDARD = "gnu++14";
				CLANG_CXX_LIBRARY = "libc++";
				CLANG_ENABLE_MODULES = YES;
				CLANG_ENABLE_OBJC_ARC = YES;
				CLANG_ENABLE_OBJC_WEAK = YES;
				CLANG_WARN_BLOCK_CAPTURE_AUTORELEASING = YES;
				CLANG_WARN_BOOL_CONVERSION = YES;
				CLANG_WARN_COMMA = YES;
				CLANG_WARN_CONSTANT_CONVERSION = YES;
				CLANG_WARN_DEPRECATED_OBJC_IMPLEMENTATIONS = YES;
				CLANG_WARN_DIRECT_OBJC_ISA_USAGE = YES_ERROR;
				CLANG_WARN_DOCUMENTATION_COMMENTS = YES;
				CLANG_WARN_EMPTY_BODY = YES;
				CLANG_WARN_ENUM_CONVERSION = YES;
				CLANG_WARN_INFINITE_RECURSION = YES;
				CLANG_WARN_INT_CONVERSION = YES;
				CLANG_WARN_NON_LITERAL_NULL_CONVERSION = YES;
				CLANG_WARN_OBJC_IMPLICIT_RETAIN_SELF = YES;
				CLANG_WARN_OBJC_LITERAL_CONVERSION = YES;
				CLANG_WARN_OBJC_ROOT_CLASS = YES_ERROR;
				CLANG_WARN_RANGE_LOOP_ANALYSIS = YES;
				CLANG_WARN_STRICT_PROTOTYPES = YES;
				CLANG_WARN_SUSPICIOUS_MOVE = YES;
				CLANG_WARN_UNGUARDED_AVAILABILITY = YES_AGGRESSIVE;
				CLANG_WARN_UNREACHABLE_CODE = YES;
				CLANG_WARN__DUPLICATE_METHOD_MATCH = YES;
				CODE_SIGN_IDENTITY = "-";
				COPY_PHASE_STRIP = NO;
				DEBUG_INFORMATION_FORMAT = dwarf;
				ENABLE_STRICT_OBJC_MSGSEND = YES;
				ENABLE_TESTABILITY = YES;
				GCC_C_LANGUAGE_STANDARD = gnu11;
				GCC_DYNAMIC_NO_PIC = NO;
				GCC_NO_COMMON_BLOCKS = YES;
				GCC_OPTIMIZATION_LEVEL = 0;
				GCC_PREPROCESSOR_DEFINITIONS = (
					"DEBUG=1",
					"$(inherited)",
				);
				GCC_WARN_64_TO_32_BIT_CONVERSION = YES;
				GCC_WARN_ABOUT_RETURN_TYPE = YES_ERROR;
				GCC_WARN_UNDECLARED_SELECTOR = YES;
				GCC_WARN_UNINITIALIZED_AUTOS = YES_AGGRESSIVE;
				GCC_WARN_UNUSED_FUNCTION = YES;
				GCC_WARN_UNUSED_VARIABLE = YES;
				MACOSX_DEPLOYMENT_TARGET = 10.14;
				MTL_ENABLE_DEBUG_INFO = INCLUDE_SOURCE;
				MTL_FAST_MATH = YES;
				ONLY_ACTIVE_ARCH = YES;
				SDKROOT = macosx;
				SWIFT_ACTIVE_COMPILATION_CONDITIONS = DEBUG;
				SWIFT_OPTIMIZATION_LEVEL = "-Onone";
			};
			name = Debug;
		};
		737800562319359F00E33AA0 /* Release */ = {
			isa = XCBuildConfiguration;
			buildSettings = {
				ALWAYS_SEARCH_USER_PATHS = NO;
				CLANG_ANALYZER_NONNULL = YES;
				CLANG_ANALYZER_NUMBER_OBJECT_CONVERSION = YES_AGGRESSIVE;
				CLANG_CXX_LANGUAGE_STANDARD = "gnu++14";
				CLANG_CXX_LIBRARY = "libc++";
				CLANG_ENABLE_MODULES = YES;
				CLANG_ENABLE_OBJC_ARC = YES;
				CLANG_ENABLE_OBJC_WEAK = YES;
				CLANG_WARN_BLOCK_CAPTURE_AUTORELEASING = YES;
				CLANG_WARN_BOOL_CONVERSION = YES;
				CLANG_WARN_COMMA = YES;
				CLANG_WARN_CONSTANT_CONVERSION = YES;
				CLANG_WARN_DEPRECATED_OBJC_IMPLEMENTATIONS = YES;
				CLANG_WARN_DIRECT_OBJC_ISA_USAGE = YES_ERROR;
				CLANG_WARN_DOCUMENTATION_COMMENTS = YES;
				CLANG_WARN_EMPTY_BODY = YES;
				CLANG_WARN_ENUM_CONVERSION = YES;
				CLANG_WARN_INFINITE_RECURSION = YES;
				CLANG_WARN_INT_CONVERSION = YES;
				CLANG_WARN_NON_LITERAL_NULL_CONVERSION = YES;
				CLANG_WARN_OBJC_IMPLICIT_RETAIN_SELF = YES;
				CLANG_WARN_OBJC_LITERAL_CONVERSION = YES;
				CLANG_WARN_OBJC_ROOT_CLASS = YES_ERROR;
				CLANG_WARN_RANGE_LOOP_ANALYSIS = YES;
				CLANG_WARN_STRICT_PROTOTYPES = YES;
				CLANG_WARN_SUSPICIOUS_MOVE = YES;
				CLANG_WARN_UNGUARDED_AVAILABILITY = YES_AGGRESSIVE;
				CLANG_WARN_UNREACHABLE_CODE = YES;
				CLANG_WARN__DUPLICATE_METHOD_MATCH = YES;
				CODE_SIGN_IDENTITY = "-";
				COPY_PHASE_STRIP = NO;
				DEBUG_INFORMATION_FORMAT = "dwarf-with-dsym";
				ENABLE_NS_ASSERTIONS = NO;
				ENABLE_STRICT_OBJC_MSGSEND = YES;
				GCC_C_LANGUAGE_STANDARD = gnu11;
				GCC_NO_COMMON_BLOCKS = YES;
				GCC_WARN_64_TO_32_BIT_CONVERSION = YES;
				GCC_WARN_ABOUT_RETURN_TYPE = YES_ERROR;
				GCC_WARN_UNDECLARED_SELECTOR = YES;
				GCC_WARN_UNINITIALIZED_AUTOS = YES_AGGRESSIVE;
				GCC_WARN_UNUSED_FUNCTION = YES;
				GCC_WARN_UNUSED_VARIABLE = YES;
				MACOSX_DEPLOYMENT_TARGET = 10.14;
				MTL_ENABLE_DEBUG_INFO = NO;
				MTL_FAST_MATH = YES;
				SDKROOT = macosx;
				SWIFT_COMPILATION_MODE = wholemodule;
				SWIFT_OPTIMIZATION_LEVEL = "-O";
			};
			name = Release;
		};
		737800582319359F00E33AA0 /* Debug */ = {
			isa = XCBuildConfiguration;
			buildSettings = {
				ASSETCATALOG_COMPILER_APPICON_NAME = AppIcon;
				CODE_SIGN_ENTITLEMENTS = WorkoutEditor/WorkoutEditor.entitlements;
				CODE_SIGN_STYLE = Automatic;
				COMBINE_HIDPI_IMAGES = YES;
				INFOPLIST_FILE = WorkoutEditor/Info.plist;
				LD_RUNPATH_SEARCH_PATHS = (
					"$(inherited)",
					"@executable_path/../Frameworks",
				);
				PRODUCT_BUNDLE_IDENTIFIER = uk.me.stevenlord.WorkoutEditor;
				PRODUCT_NAME = "$(TARGET_NAME)";
				SWIFT_VERSION = 5.0;
			};
			name = Debug;
		};
		737800592319359F00E33AA0 /* Release */ = {
			isa = XCBuildConfiguration;
			buildSettings = {
				ASSETCATALOG_COMPILER_APPICON_NAME = AppIcon;
				CODE_SIGN_ENTITLEMENTS = WorkoutEditor/WorkoutEditor.entitlements;
				CODE_SIGN_STYLE = Automatic;
				COMBINE_HIDPI_IMAGES = YES;
				INFOPLIST_FILE = WorkoutEditor/Info.plist;
				LD_RUNPATH_SEARCH_PATHS = (
					"$(inherited)",
					"@executable_path/../Frameworks",
				);
				PRODUCT_BUNDLE_IDENTIFIER = uk.me.stevenlord.WorkoutEditor;
				PRODUCT_NAME = "$(TARGET_NAME)";
				SWIFT_VERSION = 5.0;
			};
			name = Release;
		};
		7378005B2319359F00E33AA0 /* Debug */ = {
			isa = XCBuildConfiguration;
			buildSettings = {
				ALWAYS_EMBED_SWIFT_STANDARD_LIBRARIES = YES;
				BUNDLE_LOADER = "$(TEST_HOST)";
				CODE_SIGN_STYLE = Automatic;
				COMBINE_HIDPI_IMAGES = YES;
				INFOPLIST_FILE = WorkoutEditorTests/Info.plist;
				LD_RUNPATH_SEARCH_PATHS = (
					"$(inherited)",
					"@executable_path/../Frameworks",
					"@loader_path/../Frameworks",
				);
				PRODUCT_BUNDLE_IDENTIFIER = uk.me.stevenlord.WorkoutEditorTests;
				PRODUCT_NAME = "$(TARGET_NAME)";
				SWIFT_VERSION = 5.0;
				TEST_HOST = "$(BUILT_PRODUCTS_DIR)/WorkoutEditor.app/Contents/MacOS/WorkoutEditor";
			};
			name = Debug;
		};
		7378005C2319359F00E33AA0 /* Release */ = {
			isa = XCBuildConfiguration;
			buildSettings = {
				ALWAYS_EMBED_SWIFT_STANDARD_LIBRARIES = YES;
				BUNDLE_LOADER = "$(TEST_HOST)";
				CODE_SIGN_STYLE = Automatic;
				COMBINE_HIDPI_IMAGES = YES;
				INFOPLIST_FILE = WorkoutEditorTests/Info.plist;
				LD_RUNPATH_SEARCH_PATHS = (
					"$(inherited)",
					"@executable_path/../Frameworks",
					"@loader_path/../Frameworks",
				);
				PRODUCT_BUNDLE_IDENTIFIER = uk.me.stevenlord.WorkoutEditorTests;
				PRODUCT_NAME = "$(TARGET_NAME)";
				SWIFT_VERSION = 5.0;
				TEST_HOST = "$(BUILT_PRODUCTS_DIR)/WorkoutEditor.app/Contents/MacOS/WorkoutEditor";
			};
			name = Release;
		};
		7378005E2319359F00E33AA0 /* Debug */ = {
			isa = XCBuildConfiguration;
			buildSettings = {
				ALWAYS_EMBED_SWIFT_STANDARD_LIBRARIES = YES;
				CODE_SIGN_STYLE = Automatic;
				COMBINE_HIDPI_IMAGES = YES;
				INFOPLIST_FILE = WorkoutEditorUITests/Info.plist;
				LD_RUNPATH_SEARCH_PATHS = (
					"$(inherited)",
					"@executable_path/../Frameworks",
					"@loader_path/../Frameworks",
				);
				PRODUCT_BUNDLE_IDENTIFIER = uk.me.stevenlord.WorkoutEditorUITests;
				PRODUCT_NAME = "$(TARGET_NAME)";
				SWIFT_VERSION = 5.0;
				TEST_TARGET_NAME = WorkoutEditor;
			};
			name = Debug;
		};
		7378005F2319359F00E33AA0 /* Release */ = {
			isa = XCBuildConfiguration;
			buildSettings = {
				ALWAYS_EMBED_SWIFT_STANDARD_LIBRARIES = YES;
				CODE_SIGN_STYLE = Automatic;
				COMBINE_HIDPI_IMAGES = YES;
				INFOPLIST_FILE = WorkoutEditorUITests/Info.plist;
				LD_RUNPATH_SEARCH_PATHS = (
					"$(inherited)",
					"@executable_path/../Frameworks",
					"@loader_path/../Frameworks",
				);
				PRODUCT_BUNDLE_IDENTIFIER = uk.me.stevenlord.WorkoutEditorUITests;
				PRODUCT_NAME = "$(TARGET_NAME)";
				SWIFT_VERSION = 5.0;
				TEST_TARGET_NAME = WorkoutEditor;
			};
			name = Release;
		};
/* End XCBuildConfiguration section */

/* Begin XCConfigurationList section */
		7361238423573096002250AD /* Build configuration list for PBXNativeTarget "WorkoutEditor Release" */ = {
			isa = XCConfigurationList;
			buildConfigurations = (
				7361238523573096002250AD /* Debug */,
				7361238623573096002250AD /* Release */,
			);
			defaultConfigurationIsVisible = 0;
			defaultConfigurationName = Release;
		};
		7378002C2319359E00E33AA0 /* Build configuration list for PBXProject "WorkoutEditor" */ = {
			isa = XCConfigurationList;
			buildConfigurations = (
				737800552319359F00E33AA0 /* Debug */,
				737800562319359F00E33AA0 /* Release */,
			);
			defaultConfigurationIsVisible = 0;
			defaultConfigurationName = Release;
		};
		737800572319359F00E33AA0 /* Build configuration list for PBXNativeTarget "WorkoutEditor" */ = {
			isa = XCConfigurationList;
			buildConfigurations = (
				737800582319359F00E33AA0 /* Debug */,
				737800592319359F00E33AA0 /* Release */,
			);
			defaultConfigurationIsVisible = 0;
			defaultConfigurationName = Release;
		};
		7378005A2319359F00E33AA0 /* Build configuration list for PBXNativeTarget "WorkoutEditorTests" */ = {
			isa = XCConfigurationList;
			buildConfigurations = (
				7378005B2319359F00E33AA0 /* Debug */,
				7378005C2319359F00E33AA0 /* Release */,
			);
			defaultConfigurationIsVisible = 0;
			defaultConfigurationName = Release;
		};
		7378005D2319359F00E33AA0 /* Build configuration list for PBXNativeTarget "WorkoutEditorUITests" */ = {
			isa = XCConfigurationList;
			buildConfigurations = (
				7378005E2319359F00E33AA0 /* Debug */,
				7378005F2319359F00E33AA0 /* Release */,
			);
			defaultConfigurationIsVisible = 0;
			defaultConfigurationName = Release;
		};
/* End XCConfigurationList section */
	};
	rootObject = 737800292319359E00E33AA0 /* Project object */;
}
